
Microsoft Visual Studio Solution File, Format Version 12.00
# Visual Studio Version 17
VisualStudioVersion = 17.10.35013.160
MinimumVisualStudioVersion = 10.0.40219.1
Project("{FAE04EC0-301F-11D3-BF4B-00C04F79EFBC}") = "SoWinForm", "SoWinForm\SoWinForm.csproj", "{E338368A-18B8-486A-8442-E3192F86708E}"
EndProject
Global
	GlobalSection(SolutionConfigurationPlatforms) = preSolution
		Debug|Any CPU = Debug|Any CPU
		Release|Any CPU = Release|Any CPU
	EndGlobalSection
	GlobalSection(ProjectConfigurationPlatforms) = postSolution
		{E338368A-18B8-486A-8442-E3192F86708E}.Debug|Any CPU.ActiveCfg = Debug|Any CPU
		{E338368A-18B8-486A-8442-E3192F86708E}.Debug|Any CPU.Build.0 = Debug|Any CPU
		{E338368A-18B8-486A-8442-E3192F86708E}.Release|Any CPU.ActiveCfg = Release|Any CPU
		{E338368A-18B8-486A-8442-E3192F86708E}.Release|Any CPU.Build.0 = Release|Any CPU
	EndGlobalSection
	GlobalSection(SolutionProperties) = preSolution
		HideSolutionNode = FALSE
	EndGlobalSection
	GlobalSection(ExtensibilityGlobals) = postSolution
		SolutionGuid = {3EB872A9-3126-48CE-802C-F1DC65B57487}
	EndGlobalSection
EndGlobal
